
Microsoft Visual Studio Solution File, Format Version 12.00
# Visual Studio Version 16
VisualStudioVersion = 16.0.31019.35
MinimumVisualStudioVersion = 10.0.40219.1
Project("{FAE04EC0-301F-11D3-BF4B-00C04F79EFBC}") = "GmS5", "GmS5\GmS5.csproj", "{74071A47-8A9D-4202-B189-56B8972D4552}"
EndProject
Global
	GlobalSection(SolutionConfigurationPlatforms) = preSolution
		Debug|Any CPU = Debug|Any CPU
		Release|Any CPU = Release|Any CPU
	EndGlobalSection
	GlobalSection(ProjectConfigurationPlatforms) = postSolution
		{74071A47-8A9D-4202-B189-56B8972D4552}.Debug|Any CPU.ActiveCfg = Debug|Any CPU
		{74071A47-8A9D-4202-B189-56B8972D4552}.Debug|Any CPU.Build.0 = Debug|Any CPU
		{74071A47-8A9D-4202-B189-56B8972D4552}.Release|Any CPU.ActiveCfg = Release|Any CPU
		{74071A47-8A9D-4202-B189-56B8972D4552}.Release|Any CPU.Build.0 = Release|Any CPU
	EndGlobalSection
	GlobalSection(SolutionProperties) = preSolution
		HideSolutionNode = FALSE
	EndGlobalSection
	GlobalSection(ExtensibilityGlobals) = postSolution
		SolutionGuid = {0F602A84-3753-4C00-B280-2BFD0F21BD95}
	EndGlobalSection
EndGlobal
